# This file was autogenerated by Stack.
# You should not edit this file by hand.
# For more information, please see the documentation at:
#   https://docs.haskellstack.org/en/stable/lock_files

packages:
- completed:
    name: mustache
    version: 2.4.0
    git: https://github.com/mattaudesse/mustache.git
    pantry-tree:
      size: 1659
      sha256: 002b9a25b05d09fde363c6ed4b3629ef07c745a8654416a4be0217e67996c3c0
    commit: 461c8f0bdb90934dcf5e1916aa4a6753ea97f07d
  original:
    git: https://github.com/mattaudesse/mustache.git
    commit: 461c8f0bdb90934dcf5e1916aa4a6753ea97f07d
- completed:
    name: slick
    version: 1.1.2.2
    git: https://github.com/mattaudesse/Slick.git
    pantry-tree:
      size: 881
      sha256: 786a946cbe611e77620a492152aa049e55e7541525fa892555e581d781547751
    commit: 5a4019331e60966793ffb7940fca58105890477e
  original:
    git: https://github.com/mattaudesse/Slick.git
    commit: 5a4019331e60966793ffb7940fca58105890477e
snapshots:
- completed:
    size: 619403
    url: https://raw.githubusercontent.com/commercialhaskell/stackage-snapshots/master/lts/19/25.yaml
    sha256: 1ecad1f0bd2c27de88dbff6572446cfdf647c615d58a7e2e2085c6b7dfc04176
  original: lts-19.25
